
Microsoft Visual Studio Solution File, Format Version 12.00
# Visual Studio 15
VisualStudioVersion = 15.0.27428.2015
MinimumVisualStudioVersion = 10.0.40219.1
Project("{FAE04EC0-301F-11D3-BF4B-00C04F79EFBC}") = "Sisyphus", "Sisyphus\Sisyphus.csproj", "{D3C6050A-BE7E-4FD0-AB34-2C90215D8FA4}"
EndProject
Project("{FAE04EC0-301F-11D3-BF4B-00C04F79EFBC}") = "Sisyphus.Dal", "Sisyphus.Dal\Sisyphus.Dal.csproj", "{9C98B269-76A1-4D81-9388-6D71951C10BB}"
EndProject
Project("{FAE04EC0-301F-11D3-BF4B-00C04F79EFBC}") = "Sisyphus.Entities", "Sisyphus.Entities\Sisyphus.Entities.csproj", "{A9C10906-A0A1-4226-A46B-E1EFCBB27E85}"
EndProject
Global
	GlobalSection(SolutionConfigurationPlatforms) = preSolution
		Debug|Any CPU = Debug|Any CPU
		Release|Any CPU = Release|Any CPU
	EndGlobalSection
	GlobalSection(ProjectConfigurationPlatforms) = postSolution
		{D3C6050A-BE7E-4FD0-AB34-2C90215D8FA4}.Debug|Any CPU.ActiveCfg = Debug|Any CPU
		{D3C6050A-BE7E-4FD0-AB34-2C90215D8FA4}.Debug|Any CPU.Build.0 = Debug|Any CPU
		{D3C6050A-BE7E-4FD0-AB34-2C90215D8FA4}.Release|Any CPU.ActiveCfg = Release|Any CPU
		{D3C6050A-BE7E-4FD0-AB34-2C90215D8FA4}.Release|Any CPU.Build.0 = Release|Any CPU
		{9C98B269-76A1-4D81-9388-6D71951C10BB}.Debug|Any CPU.ActiveCfg = Debug|Any CPU
		{9C98B269-76A1-4D81-9388-6D71951C10BB}.Debug|Any CPU.Build.0 = Debug|Any CPU
		{9C98B269-76A1-4D81-9388-6D71951C10BB}.Release|Any CPU.ActiveCfg = Release|Any CPU
		{9C98B269-76A1-4D81-9388-6D71951C10BB}.Release|Any CPU.Build.0 = Release|Any CPU
		{A9C10906-A0A1-4226-A46B-E1EFCBB27E85}.Debug|Any CPU.ActiveCfg = Debug|Any CPU
		{A9C10906-A0A1-4226-A46B-E1EFCBB27E85}.Debug|Any CPU.Build.0 = Debug|Any CPU
		{A9C10906-A0A1-4226-A46B-E1EFCBB27E85}.Release|Any CPU.ActiveCfg = Release|Any CPU
		{A9C10906-A0A1-4226-A46B-E1EFCBB27E85}.Release|Any CPU.Build.0 = Release|Any CPU
	EndGlobalSection
	GlobalSection(SolutionProperties) = preSolution
		HideSolutionNode = FALSE
	EndGlobalSection
	GlobalSection(ExtensibilityGlobals) = postSolution
		SolutionGuid = {A26D31C5-0AA2-4463-A040-74E0678DBC8A}
	EndGlobalSection
EndGlobal
